
Microsoft Visual Studio Solution File, Format Version 12.00
# Visual Studio Version 16
VisualStudioVersion = 16.0.30114.105
MinimumVisualStudioVersion = 10.0.40219.1
Project("{FAE04EC0-301F-11D3-BF4B-00C04F79EFBC}") = "DisableDefender", "DisableDefender.csproj", "{2DB04707-5C7F-4836-92E0-65062DCC58EC}"
EndProject
Global
	GlobalSection(SolutionConfigurationPlatforms) = preSolution
		Debug|Any CPU = Debug|Any CPU
		Release|Any CPU = Release|Any CPU
	EndGlobalSection
	GlobalSection(ProjectConfigurationPlatforms) = postSolution
		{2DB04707-5C7F-4836-92E0-65062DCC58EC}.Debug|Any CPU.ActiveCfg = Debug|Any CPU
		{2DB04707-5C7F-4836-92E0-65062DCC58EC}.Debug|Any CPU.Build.0 = Debug|Any CPU
		{2DB04707-5C7F-4836-92E0-65062DCC58EC}.Release|Any CPU.ActiveCfg = Release|Any CPU
		{2DB04707-5C7F-4836-92E0-65062DCC58EC}.Release|Any CPU.Build.0 = Release|Any CPU
	EndGlobalSection
	GlobalSection(SolutionProperties) = preSolution
		HideSolutionNode = FALSE
	EndGlobalSection
	GlobalSection(ExtensibilityGlobals) = postSolution
		SolutionGuid = {85997174-6ECA-4410-A1CC-5A2B83D87CEC}
	EndGlobalSection
EndGlobal
